
Microsoft Visual Studio Solution File, Format Version 12.00
# Visual Studio 2012
Project("{FAE04EC0-301F-11D3-BF4B-00C04F79EFBC}") = "BrightSign.Droid", "BrightSign.Droid.csproj", "{2C61EA3C-F4CD-4DEE-BF82-1DE8707BE52E}"
EndProject
Global
	GlobalSection(SolutionConfigurationPlatforms) = preSolution
		Debug|Any CPU = Debug|Any CPU
		Release|Any CPU = Release|Any CPU
	EndGlobalSection
	GlobalSection(ProjectConfigurationPlatforms) = postSolution
		{2C61EA3C-F4CD-4DEE-BF82-1DE8707BE52E}.Debug|Any CPU.ActiveCfg = Debug|Any CPU
		{2C61EA3C-F4CD-4DEE-BF82-1DE8707BE52E}.Debug|Any CPU.Build.0 = Debug|Any CPU
		{2C61EA3C-F4CD-4DEE-BF82-1DE8707BE52E}.Release|Any CPU.ActiveCfg = Release|Any CPU
		{2C61EA3C-F4CD-4DEE-BF82-1DE8707BE52E}.Release|Any CPU.Build.0 = Release|Any CPU
	EndGlobalSection
EndGlobal
