
Microsoft Visual Studio Solution File, Format Version 11.00
# Visual Studio 2010
Project("{FAE04EC0-301F-11D3-BF4B-00C04F79EFBC}") = "OTEncrypt", "OTEncrypt\OTEncrypt.csproj", "{A826B119-899C-45F0-B85A-CD940EA40174}"
EndProject
Global
	GlobalSection(SolutionConfigurationPlatforms) = preSolution
		Debug|x86 = Debug|x86
		Release|x86 = Release|x86
	EndGlobalSection
	GlobalSection(ProjectConfigurationPlatforms) = postSolution
		{A826B119-899C-45F0-B85A-CD940EA40174}.Debug|x86.ActiveCfg = Debug|x86
		{A826B119-899C-45F0-B85A-CD940EA40174}.Debug|x86.Build.0 = Debug|x86
		{A826B119-899C-45F0-B85A-CD940EA40174}.Release|x86.ActiveCfg = Release|x86
		{A826B119-899C-45F0-B85A-CD940EA40174}.Release|x86.Build.0 = Release|x86
	EndGlobalSection
EndGlobal
